
Microsoft Visual Studio Solution File, Format Version 12.00
# Visual Studio 15
VisualStudioVersion = 15.0.28010.2041
MinimumVisualStudioVersion = 10.0.40219.1
Project("{FAE04EC0-301F-11D3-BF4B-00C04F79EFBC}") = "Elisab.WebApp", "Elisab.WebApp.csproj", "{E68FEB12-23C1-412C-B7A6-39CDBA690970}"
EndProject
Project("{FAE04EC0-301F-11D3-BF4B-00C04F79EFBC}") = "Elisab.BAL", "..\Elisab.BAL\Elisab.BAL.csproj", "{E3D95003-DA5E-4B2E-A6B2-81067D2ED195}"
EndProject
Project("{FAE04EC0-301F-11D3-BF4B-00C04F79EFBC}") = "Elisab.DAL", "..\Elisab.DAL\Elisab.DAL.csproj", "{2BFF8660-5D46-4ED0-982C-3B83556D090A}"
EndProject
Global
	GlobalSection(SolutionConfigurationPlatforms) = preSolution
		Debug|Any CPU = Debug|Any CPU
		Release|Any CPU = Release|Any CPU
	EndGlobalSection
	GlobalSection(ProjectConfigurationPlatforms) = postSolution
		{E68FEB12-23C1-412C-B7A6-39CDBA690970}.Debug|Any CPU.ActiveCfg = Debug|Any CPU
		{E68FEB12-23C1-412C-B7A6-39CDBA690970}.Debug|Any CPU.Build.0 = Debug|Any CPU
		{E68FEB12-23C1-412C-B7A6-39CDBA690970}.Release|Any CPU.ActiveCfg = Release|Any CPU
		{E68FEB12-23C1-412C-B7A6-39CDBA690970}.Release|Any CPU.Build.0 = Release|Any CPU
		{E3D95003-DA5E-4B2E-A6B2-81067D2ED195}.Debug|Any CPU.ActiveCfg = Debug|Any CPU
		{E3D95003-DA5E-4B2E-A6B2-81067D2ED195}.Debug|Any CPU.Build.0 = Debug|Any CPU
		{E3D95003-DA5E-4B2E-A6B2-81067D2ED195}.Release|Any CPU.ActiveCfg = Release|Any CPU
		{E3D95003-DA5E-4B2E-A6B2-81067D2ED195}.Release|Any CPU.Build.0 = Release|Any CPU
		{2BFF8660-5D46-4ED0-982C-3B83556D090A}.Debug|Any CPU.ActiveCfg = Debug|Any CPU
		{2BFF8660-5D46-4ED0-982C-3B83556D090A}.Debug|Any CPU.Build.0 = Debug|Any CPU
		{2BFF8660-5D46-4ED0-982C-3B83556D090A}.Release|Any CPU.ActiveCfg = Release|Any CPU
		{2BFF8660-5D46-4ED0-982C-3B83556D090A}.Release|Any CPU.Build.0 = Release|Any CPU
	EndGlobalSection
	GlobalSection(SolutionProperties) = preSolution
		HideSolutionNode = FALSE
	EndGlobalSection
	GlobalSection(ExtensibilityGlobals) = postSolution
		SolutionGuid = {206FB9FA-7482-4E93-B601-1D8F90C3D86E}
	EndGlobalSection
EndGlobal
